
Microsoft Visual Studio Solution File, Format Version 12.00
# Visual Studio 15
VisualStudioVersion = 15.0.28307.757
MinimumVisualStudioVersion = 10.0.40219.1
Project("{FAE04EC0-301F-11D3-BF4B-00C04F79EFBC}") = "Bracketext", "Bracketext\Bracketext.csproj", "{9CF2C9BC-52E6-4709-BA38-29D1D04F39DF}"
EndProject
Global
	GlobalSection(SolutionConfigurationPlatforms) = preSolution
		Debug|Any CPU = Debug|Any CPU
		Release|Any CPU = Release|Any CPU
	EndGlobalSection
	GlobalSection(ProjectConfigurationPlatforms) = postSolution
		{9CF2C9BC-52E6-4709-BA38-29D1D04F39DF}.Debug|Any CPU.ActiveCfg = Debug|Any CPU
		{9CF2C9BC-52E6-4709-BA38-29D1D04F39DF}.Debug|Any CPU.Build.0 = Debug|Any CPU
		{9CF2C9BC-52E6-4709-BA38-29D1D04F39DF}.Release|Any CPU.ActiveCfg = Release|Any CPU
		{9CF2C9BC-52E6-4709-BA38-29D1D04F39DF}.Release|Any CPU.Build.0 = Release|Any CPU
	EndGlobalSection
	GlobalSection(SolutionProperties) = preSolution
		HideSolutionNode = FALSE
	EndGlobalSection
	GlobalSection(ExtensibilityGlobals) = postSolution
		SolutionGuid = {2ADD55F3-C1F3-4FD3-9EE4-3B193C09DE83}
	EndGlobalSection
EndGlobal
