
Microsoft Visual Studio Solution File, Format Version 12.00
# Visual Studio Version 16
VisualStudioVersion = 16.0.30225.117
MinimumVisualStudioVersion = 10.0.40219.1
Project("{FAE04EC0-301F-11D3-BF4B-00C04F79EFBC}") = "Bracketext", "Bracketext\Bracketext.csproj", "{3FA572F8-142D-426B-813F-B55A083C3C59}"
EndProject
Global
	GlobalSection(SolutionConfigurationPlatforms) = preSolution
		Debug|Any CPU = Debug|Any CPU
		Release|Any CPU = Release|Any CPU
	EndGlobalSection
	GlobalSection(ProjectConfigurationPlatforms) = postSolution
		{3FA572F8-142D-426B-813F-B55A083C3C59}.Debug|Any CPU.ActiveCfg = Debug|Any CPU
		{3FA572F8-142D-426B-813F-B55A083C3C59}.Debug|Any CPU.Build.0 = Debug|Any CPU
		{3FA572F8-142D-426B-813F-B55A083C3C59}.Release|Any CPU.ActiveCfg = Release|Any CPU
		{3FA572F8-142D-426B-813F-B55A083C3C59}.Release|Any CPU.Build.0 = Release|Any CPU
	EndGlobalSection
	GlobalSection(SolutionProperties) = preSolution
		HideSolutionNode = FALSE
	EndGlobalSection
	GlobalSection(ExtensibilityGlobals) = postSolution
		SolutionGuid = {E1ABAB32-33D1-4A91-AC6C-AAF601794F22}
	EndGlobalSection
EndGlobal
